{
  "name": "DatingApp",
  "lockfileVersion": 3,
  "requires": true,
  "packages": {
    "": {
      "dependencies": {
        "ngx-spinner": "^16.0.2"
      }
    },
    "node_modules/ngx-spinner": {
      "version": "16.0.2",
      "resolved": "https://registry.npmjs.org/ngx-spinner/-/ngx-spinner-16.0.2.tgz",
      "integrity": "sha512-MZpOHb3dvSqD6xiEdR+EtOfPY2r1kfA7t5Hv5IVwi7gkbTwVgnqxDWdOYJ/HW1pSZ5iEGhqlJqWg6CysLmNfHQ==",
      "dependencies": {
        "tslib": "^2.3.0"
      },
      "peerDependencies": {
        "@angular/animations": ">=15.0.0",
        "@angular/common": ">=15.0.0",
        "@angular/core": ">=15.0.0"
      }
    },
    "node_modules/tslib": {
      "version": "2.5.2",
      "resolved": "https://registry.npmjs.org/tslib/-/tslib-2.5.2.tgz",
      "integrity": "sha512-5svOrSA2w3iGFDs1HibEVBGbDrAY82bFQ3HZ3ixB+88nsbsWQoKqDRb5UBYAUPEzbBn6dAp5gRNXglySbx1MlA=="
    }
  }
}
